
Microsoft Visual Studio Solution File, Format Version 12.00
# Visual Studio Version 17
VisualStudioVersion = 17.4.32804.182
MinimumVisualStudioVersion = 10.0.40219.1
Project("{FAE04EC0-301F-11D3-BF4B-00C04F79EFBC}") = "Expense Tracker", "Expense Tracker\Expense Tracker.csproj", "{ADBF1352-409C-4381-AA8D-7C1445276D94}"
EndProject
Project("{2150E333-8FDC-42A3-9474-1A3956D46DE8}") = "Solution Items", "Solution Items", "{30546A31-4925-4FF9-8512-B1E52962060B}"
	ProjectSection(SolutionItems) = preProject
		.editorconfig = .editorconfig
	EndProjectSection
EndProject
Global
	GlobalSection(SolutionConfigurationPlatforms) = preSolution
		Debug|Any CPU = Debug|Any CPU
		Release|Any CPU = Release|Any CPU
	EndGlobalSection
	GlobalSection(ProjectConfigurationPlatforms) = postSolution
		{ADBF1352-409C-4381-AA8D-7C1445276D94}.Debug|Any CPU.ActiveCfg = Debug|Any CPU
		{ADBF1352-409C-4381-AA8D-7C1445276D94}.Debug|Any CPU.Build.0 = Debug|Any CPU
		{ADBF1352-409C-4381-AA8D-7C1445276D94}.Release|Any CPU.ActiveCfg = Release|Any CPU
		{ADBF1352-409C-4381-AA8D-7C1445276D94}.Release|Any CPU.Build.0 = Release|Any CPU
	EndGlobalSection
	GlobalSection(SolutionProperties) = preSolution
		HideSolutionNode = FALSE
	EndGlobalSection
	GlobalSection(ExtensibilityGlobals) = postSolution
		SolutionGuid = {AEE504D1-F5AA-446F-80F5-DF7955747244}
	EndGlobalSection
EndGlobal
